
Microsoft Visual Studio Solution File, Format Version 12.00
# Visual Studio Version 17
VisualStudioVersion = 17.8.34330.188
MinimumVisualStudioVersion = 10.0.40219.1
Project("{9A19103F-16F7-4668-BE54-9A1E7A4F7556}") = "aspnetserver", "aspnetserver\aspnetserver.csproj", "{8EC674FF-AF1E-40E5-95BF-32DB966FEFCE}"
EndProject
Global
	GlobalSection(SolutionConfigurationPlatforms) = preSolution
		Debug|Any CPU = Debug|Any CPU
		Release|Any CPU = Release|Any CPU
	EndGlobalSection
	GlobalSection(ProjectConfigurationPlatforms) = postSolution
		{8EC674FF-AF1E-40E5-95BF-32DB966FEFCE}.Debug|Any CPU.ActiveCfg = Debug|Any CPU
		{8EC674FF-AF1E-40E5-95BF-32DB966FEFCE}.Debug|Any CPU.Build.0 = Debug|Any CPU
		{8EC674FF-AF1E-40E5-95BF-32DB966FEFCE}.Release|Any CPU.ActiveCfg = Release|Any CPU
		{8EC674FF-AF1E-40E5-95BF-32DB966FEFCE}.Release|Any CPU.Build.0 = Release|Any CPU
	EndGlobalSection
	GlobalSection(SolutionProperties) = preSolution
		HideSolutionNode = FALSE
	EndGlobalSection
	GlobalSection(ExtensibilityGlobals) = postSolution
		SolutionGuid = {8B289CB5-55FC-4604-97C3-282DC1B47EB3}
	EndGlobalSection
EndGlobal
